
Microsoft Visual Studio Solution File, Format Version 12.00
# Visual Studio Version 16
VisualStudioVersion = 16.0.30309.148
MinimumVisualStudioVersion = 10.0.40219.1
Project("{2150E333-8FDC-42A3-9474-1A3956D46DE8}") = "Libraries", "Libraries", "{B0E67D28-2BAA-4CA3-AAF0-69DA0F71AC0B}"
EndProject
Project("{2150E333-8FDC-42A3-9474-1A3956D46DE8}") = "Plugins", "Plugins", "{F3BC4512-4C5B-4DBD-8878-89B2123245DB}"
EndProject
Project("{2150E333-8FDC-42A3-9474-1A3956D46DE8}") = "Presentation", "Presentation", "{8312FC80-1FC0-4694-8117-35B0942FA459}"
EndProject
Project("{9A19103F-16F7-4668-BE54-9A1E7A4F7556}") = "Agile.Core", "Libraries\Agile.Core\Agile.Core.csproj", "{FCE49C13-C3EB-4E35-AF14-9DAC161F031D}"
EndProject
Project("{9A19103F-16F7-4668-BE54-9A1E7A4F7556}") = "Agile.Data", "Libraries\Agile.Data\Agile.Data.csproj", "{48169983-9647-4858-ADBF-778DF95CC558}"
EndProject
Project("{9A19103F-16F7-4668-BE54-9A1E7A4F7556}") = "Agile.Web", "Presentation\Agile.Web\Agile.Web.csproj", "{22B29C87-3F42-4F5C-829A-6CD1E8D94DD4}"
EndProject
Project("{9A19103F-16F7-4668-BE54-9A1E7A4F7556}") = "Agile.Web.Framework", "Presentation\Agile.Web.Framework\Agile.Web.Framework.csproj", "{FF587837-F6C9-4EDC-B82E-8B19CCB6B4B0}"
EndProject
Project("{9A19103F-16F7-4668-BE54-9A1E7A4F7556}") = "Agile.Services", "Libraries\Agile.Services\Agile.Services.csproj", "{81052EE7-2E04-4E45-BEB0-70C533482E9A}"
EndProject
Project("{9A19103F-16F7-4668-BE54-9A1E7A4F7556}") = "Agile.Plugin.Cms", "Plugins\Agile.Plugin.Cms\Agile.Plugin.Cms.csproj", "{31CB31ED-EACB-4A39-ADFE-960551EFB2A0}"
EndProject
Project("{9A19103F-16F7-4668-BE54-9A1E7A4F7556}") = "Agile.Plugin.Blog", "Plugins\Agile.Plugin.Blog\Agile.Plugin.Blog.csproj", "{00F435E7-88BF-446F-8E68-F5C65161593D}"
EndProject
Project("{9A19103F-16F7-4668-BE54-9A1E7A4F7556}") = "Agile.Plugin.Erp", "Plugins\Agile.Plugin.Erp\Agile.Plugin.Erp.csproj", "{81703170-CE96-42BB-9784-938041A38E2F}"
EndProject
Project("{9A19103F-16F7-4668-BE54-9A1E7A4F7556}") = "Agile.Plugin.Alipay", "Plugins\Agile.Plugin.Alipay\Agile.Plugin.Alipay.csproj", "{9616C295-226A-42C8-8555-C461A5818E6B}"
EndProject
Project("{9A19103F-16F7-4668-BE54-9A1E7A4F7556}") = "Agile.Plugin.WechatPay", "Plugins\Agile.Plugin.WechatPay\Agile.Plugin.WechatPay.csproj", "{57B8E983-C10E-4605-A429-DE07FF158F61}"
EndProject
Project("{FAE04EC0-301F-11D3-BF4B-00C04F79EFBC}") = "Agile.Models", "Libraries\Agile.Models\Agile.Models.csproj", "{2F343C02-729B-4F09-B8FD-EE17768967A6}"
EndProject
Global
	GlobalSection(SolutionConfigurationPlatforms) = preSolution
		Debug|Any CPU = Debug|Any CPU
		Release|Any CPU = Release|Any CPU
	EndGlobalSection
	GlobalSection(ProjectConfigurationPlatforms) = postSolution
		{FCE49C13-C3EB-4E35-AF14-9DAC161F031D}.Debug|Any CPU.ActiveCfg = Debug|Any CPU
		{FCE49C13-C3EB-4E35-AF14-9DAC161F031D}.Debug|Any CPU.Build.0 = Debug|Any CPU
		{FCE49C13-C3EB-4E35-AF14-9DAC161F031D}.Release|Any CPU.ActiveCfg = Release|Any CPU
		{FCE49C13-C3EB-4E35-AF14-9DAC161F031D}.Release|Any CPU.Build.0 = Release|Any CPU
		{48169983-9647-4858-ADBF-778DF95CC558}.Debug|Any CPU.ActiveCfg = Debug|Any CPU
		{48169983-9647-4858-ADBF-778DF95CC558}.Debug|Any CPU.Build.0 = Debug|Any CPU
		{48169983-9647-4858-ADBF-778DF95CC558}.Release|Any CPU.ActiveCfg = Release|Any CPU
		{48169983-9647-4858-ADBF-778DF95CC558}.Release|Any CPU.Build.0 = Release|Any CPU
		{22B29C87-3F42-4F5C-829A-6CD1E8D94DD4}.Debug|Any CPU.ActiveCfg = Debug|Any CPU
		{22B29C87-3F42-4F5C-829A-6CD1E8D94DD4}.Debug|Any CPU.Build.0 = Debug|Any CPU
		{22B29C87-3F42-4F5C-829A-6CD1E8D94DD4}.Release|Any CPU.ActiveCfg = Release|Any CPU
		{22B29C87-3F42-4F5C-829A-6CD1E8D94DD4}.Release|Any CPU.Build.0 = Release|Any CPU
		{FF587837-F6C9-4EDC-B82E-8B19CCB6B4B0}.Debug|Any CPU.ActiveCfg = Debug|Any CPU
		{FF587837-F6C9-4EDC-B82E-8B19CCB6B4B0}.Debug|Any CPU.Build.0 = Debug|Any CPU
		{FF587837-F6C9-4EDC-B82E-8B19CCB6B4B0}.Release|Any CPU.ActiveCfg = Release|Any CPU
		{FF587837-F6C9-4EDC-B82E-8B19CCB6B4B0}.Release|Any CPU.Build.0 = Release|Any CPU
		{81052EE7-2E04-4E45-BEB0-70C533482E9A}.Debug|Any CPU.ActiveCfg = Debug|Any CPU
		{81052EE7-2E04-4E45-BEB0-70C533482E9A}.Debug|Any CPU.Build.0 = Debug|Any CPU
		{81052EE7-2E04-4E45-BEB0-70C533482E9A}.Release|Any CPU.ActiveCfg = Release|Any CPU
		{81052EE7-2E04-4E45-BEB0-70C533482E9A}.Release|Any CPU.Build.0 = Release|Any CPU
		{31CB31ED-EACB-4A39-ADFE-960551EFB2A0}.Debug|Any CPU.ActiveCfg = Debug|Any CPU
		{31CB31ED-EACB-4A39-ADFE-960551EFB2A0}.Debug|Any CPU.Build.0 = Debug|Any CPU
		{31CB31ED-EACB-4A39-ADFE-960551EFB2A0}.Release|Any CPU.ActiveCfg = Release|Any CPU
		{31CB31ED-EACB-4A39-ADFE-960551EFB2A0}.Release|Any CPU.Build.0 = Release|Any CPU
		{00F435E7-88BF-446F-8E68-F5C65161593D}.Debug|Any CPU.ActiveCfg = Debug|Any CPU
		{00F435E7-88BF-446F-8E68-F5C65161593D}.Debug|Any CPU.Build.0 = Debug|Any CPU
		{00F435E7-88BF-446F-8E68-F5C65161593D}.Release|Any CPU.ActiveCfg = Release|Any CPU
		{00F435E7-88BF-446F-8E68-F5C65161593D}.Release|Any CPU.Build.0 = Release|Any CPU
		{81703170-CE96-42BB-9784-938041A38E2F}.Debug|Any CPU.ActiveCfg = Debug|Any CPU
		{81703170-CE96-42BB-9784-938041A38E2F}.Debug|Any CPU.Build.0 = Debug|Any CPU
		{81703170-CE96-42BB-9784-938041A38E2F}.Release|Any CPU.ActiveCfg = Release|Any CPU
		{81703170-CE96-42BB-9784-938041A38E2F}.Release|Any CPU.Build.0 = Release|Any CPU
		{9616C295-226A-42C8-8555-C461A5818E6B}.Debug|Any CPU.ActiveCfg = Debug|Any CPU
		{9616C295-226A-42C8-8555-C461A5818E6B}.Debug|Any CPU.Build.0 = Debug|Any CPU
		{9616C295-226A-42C8-8555-C461A5818E6B}.Release|Any CPU.ActiveCfg = Release|Any CPU
		{9616C295-226A-42C8-8555-C461A5818E6B}.Release|Any CPU.Build.0 = Release|Any CPU
		{57B8E983-C10E-4605-A429-DE07FF158F61}.Debug|Any CPU.ActiveCfg = Debug|Any CPU
		{57B8E983-C10E-4605-A429-DE07FF158F61}.Debug|Any CPU.Build.0 = Debug|Any CPU
		{57B8E983-C10E-4605-A429-DE07FF158F61}.Release|Any CPU.ActiveCfg = Release|Any CPU
		{57B8E983-C10E-4605-A429-DE07FF158F61}.Release|Any CPU.Build.0 = Release|Any CPU
		{2F343C02-729B-4F09-B8FD-EE17768967A6}.Debug|Any CPU.ActiveCfg = Debug|Any CPU
		{2F343C02-729B-4F09-B8FD-EE17768967A6}.Debug|Any CPU.Build.0 = Debug|Any CPU
		{2F343C02-729B-4F09-B8FD-EE17768967A6}.Release|Any CPU.ActiveCfg = Release|Any CPU
		{2F343C02-729B-4F09-B8FD-EE17768967A6}.Release|Any CPU.Build.0 = Release|Any CPU
	EndGlobalSection
	GlobalSection(SolutionProperties) = preSolution
		HideSolutionNode = FALSE
	EndGlobalSection
	GlobalSection(NestedProjects) = preSolution
		{FCE49C13-C3EB-4E35-AF14-9DAC161F031D} = {B0E67D28-2BAA-4CA3-AAF0-69DA0F71AC0B}
		{48169983-9647-4858-ADBF-778DF95CC558} = {B0E67D28-2BAA-4CA3-AAF0-69DA0F71AC0B}
		{22B29C87-3F42-4F5C-829A-6CD1E8D94DD4} = {8312FC80-1FC0-4694-8117-35B0942FA459}
		{FF587837-F6C9-4EDC-B82E-8B19CCB6B4B0} = {8312FC80-1FC0-4694-8117-35B0942FA459}
		{81052EE7-2E04-4E45-BEB0-70C533482E9A} = {B0E67D28-2BAA-4CA3-AAF0-69DA0F71AC0B}
		{31CB31ED-EACB-4A39-ADFE-960551EFB2A0} = {F3BC4512-4C5B-4DBD-8878-89B2123245DB}
		{00F435E7-88BF-446F-8E68-F5C65161593D} = {F3BC4512-4C5B-4DBD-8878-89B2123245DB}
		{81703170-CE96-42BB-9784-938041A38E2F} = {F3BC4512-4C5B-4DBD-8878-89B2123245DB}
		{9616C295-226A-42C8-8555-C461A5818E6B} = {F3BC4512-4C5B-4DBD-8878-89B2123245DB}
		{57B8E983-C10E-4605-A429-DE07FF158F61} = {F3BC4512-4C5B-4DBD-8878-89B2123245DB}
		{2F343C02-729B-4F09-B8FD-EE17768967A6} = {B0E67D28-2BAA-4CA3-AAF0-69DA0F71AC0B}
	EndGlobalSection
	GlobalSection(ExtensibilityGlobals) = postSolution
		SolutionGuid = {A4441CCF-1388-46FD-8314-071D5B1B6E60}
	EndGlobalSection
EndGlobal
